
Microsoft Visual Studio Solution File, Format Version 12.00
# Visual Studio Version 16
VisualStudioVersion = 16.0.810.18
MinimumVisualStudioVersion = 10.0.40219.1
Project("{FAE04EC0-301F-11D3-BF4B-00C04F79EFBC}") = "StaticExercise", "StaticExercise\StaticExercise.csproj", "{0F5968B2-1828-46F6-ACDE-A46B7D1DB508}"
EndProject
Global
	GlobalSection(SolutionConfigurationPlatforms) = preSolution
		Debug|Any CPU = Debug|Any CPU
		Release|Any CPU = Release|Any CPU
	EndGlobalSection
	GlobalSection(ProjectConfigurationPlatforms) = postSolution
		{0F5968B2-1828-46F6-ACDE-A46B7D1DB508}.Debug|Any CPU.ActiveCfg = Debug|Any CPU
		{0F5968B2-1828-46F6-ACDE-A46B7D1DB508}.Debug|Any CPU.Build.0 = Debug|Any CPU
		{0F5968B2-1828-46F6-ACDE-A46B7D1DB508}.Release|Any CPU.ActiveCfg = Release|Any CPU
		{0F5968B2-1828-46F6-ACDE-A46B7D1DB508}.Release|Any CPU.Build.0 = Release|Any CPU
	EndGlobalSection
	GlobalSection(SolutionProperties) = preSolution
		HideSolutionNode = FALSE
	EndGlobalSection
	GlobalSection(ExtensibilityGlobals) = postSolution
		SolutionGuid = {2602EFCD-EFCA-48BC-AC76-750B3B303AFE}
	EndGlobalSection
EndGlobal
